// !$*UTF8*$!
{
	archiveVersion = 1;
	classes = {
	};
	objectVersion = 46;
	objects = {

/* Begin PBXBuildFile section */
		CC0F90C71F6A8466005D550E /* AppDelegate.swift in Sources */ = {isa = PBXBuildFile; fileRef = CC0F90C61F6A8466005D550E /* AppDelegate.swift */; };
		CC0F90C91F6A8466005D550E /* ViewController.swift in Sources */ = {isa = PBXBuildFile; fileRef = CC0F90C81F6A8466005D550E /* ViewController.swift */; };
		CC0F90CC1F6A8466005D550E /* Main.storyboard in Resources */ = {isa = PBXBuildFile; fileRef = CC0F90CA1F6A8466005D550E /* Main.storyboard */; };
		CC0F90CE1F6A8466005D550E /* Assets.xcassets in Resources */ = {isa = PBXBuildFile; fileRef = CC0F90CD1F6A8466005D550E /* Assets.xcassets */; };
		CC0F90D11F6A8466005D550E /* LaunchScreen.storyboard in Resources */ = {isa = PBXBuildFile; fileRef = CC0F90CF1F6A8466005D550E /* LaunchScreen.storyboard */; };
		CC0F90DC1F6A8466005D550E /* FKNavigationTests.swift in Sources */ = {isa = PBXBuildFile; fileRef = CC0F90DB1F6A8466005D550E /* FKNavigationTests.swift */; };
		CC0F90E71F6A8466005D550E /* FKNavigationUITests.swift in Sources */ = {isa = PBXBuildFile; fileRef = CC0F90E61F6A8466005D550E /* FKNavigationUITests.swift */; };
		CC0F90F91F6A8556005D550E /* FKNavigation.podspec in Resources */ = {isa = PBXBuildFile; fileRef = CC0F90F81F6A8556005D550E /* FKNavigation.podspec */; };
		CC0F90FD1F6A91EE005D550E /* FantasticView.swift in Sources */ = {isa = PBXBuildFile; fileRef = CC0F90FC1F6A91EE005D550E /* FantasticView.swift */; };
/* End PBXBuildFile section */

/* Begin PBXContainerItemProxy section */
		CC0F90D81F6A8466005D550E /* PBXContainerItemProxy */ = {
			isa = PBXContainerItemProxy;
			containerPortal = CC0F90BB1F6A8466005D550E /* Project object */;
			proxyType = 1;
			remoteGlobalIDString = CC0F90C21F6A8466005D550E;
			remoteInfo = FKNavigation;
		};
		CC0F90E31F6A8466005D550E /* PBXContainerItemProxy */ = {
			isa = PBXContainerItemProxy;
			containerPortal = CC0F90BB1F6A8466005D550E /* Project object */;
			proxyType = 1;
			remoteGlobalIDString = CC0F90C21F6A8466005D550E;
			remoteInfo = FKNavigation;
		};
/* End PBXContainerItemProxy section */

/* Begin PBXFileReference section */
		CC0F90C31F6A8466005D550E /* FKNavigation.app */ = {isa = PBXFileReference; explicitFileType = wrapper.application; includeInIndex = 0; path = FKNavigation.app; sourceTree = BUILT_PRODUCTS_DIR; };
		CC0F90C61F6A8466005D550E /* AppDelegate.swift */ = {isa = PBXFileReference; lastKnownFileType = sourcecode.swift; path = AppDelegate.swift; sourceTree = "<group>"; };
		CC0F90C81F6A8466005D550E /* ViewController.swift */ = {isa = PBXFileReference; lastKnownFileType = sourcecode.swift; path = ViewController.swift; sourceTree = "<group>"; };
		CC0F90CB1F6A8466005D550E /* Base */ = {isa = PBXFileReference; lastKnownFileType = file.storyboard; name = Base; path = Base.lproj/Main.storyboard; sourceTree = "<group>"; };
		CC0F90CD1F6A8466005D550E /* Assets.xcassets */ = {isa = PBXFileReference; lastKnownFileType = folder.assetcatalog; path = Assets.xcassets; sourceTree = "<group>"; };
		CC0F90D01F6A8466005D550E /* Base */ = {isa = PBXFileReference; lastKnownFileType = file.storyboard; name = Base; path = Base.lproj/LaunchScreen.storyboard; sourceTree = "<group>"; };
		CC0F90D21F6A8466005D550E /* Info.plist */ = {isa = PBXFileReference; lastKnownFileType = text.plist.xml; path = Info.plist; sourceTree = "<group>"; };
		CC0F90D71F6A8466005D550E /* FKNavigationTests.xctest */ = {isa = PBXFileReference; explicitFileType = wrapper.cfbundle; includeInIndex = 0; path = FKNavigationTests.xctest; sourceTree = BUILT_PRODUCTS_DIR; };
		CC0F90DB1F6A8466005D550E /* FKNavigationTests.swift */ = {isa = PBXFileReference; lastKnownFileType = sourcecode.swift; path = FKNavigationTests.swift; sourceTree = "<group>"; };
		CC0F90DD1F6A8466005D550E /* Info.plist */ = {isa = PBXFileReference; lastKnownFileType = text.plist.xml; path = Info.plist; sourceTree = "<group>"; };
		CC0F90E21F6A8466005D550E /* FKNavigationUITests.xctest */ = {isa = PBXFileReference; explicitFileType = wrapper.cfbundle; includeInIndex = 0; path = FKNavigationUITests.xctest; sourceTree = BUILT_PRODUCTS_DIR; };
		CC0F90E61F6A8466005D550E /* FKNavigationUITests.swift */ = {isa = PBXFileReference; lastKnownFileType = sourcecode.swift; path = FKNavigationUITests.swift; sourceTree = "<group>"; };
		CC0F90E81F6A8466005D550E /* Info.plist */ = {isa = PBXFileReference; lastKnownFileType = text.plist.xml; path = Info.plist; sourceTree = "<group>"; };
		CC0F90F81F6A8556005D550E /* FKNavigation.podspec */ = {isa = PBXFileReference; fileEncoding = 4; lastKnownFileType = text; path = FKNavigation.podspec; sourceTree = "<group>"; };
		CC0F90FC1F6A91EE005D550E /* FantasticView.swift */ = {isa = PBXFileReference; fileEncoding = 4; lastKnownFileType = sourcecode.swift; path = FantasticView.swift; sourceTree = "<group>"; };
/* End PBXFileReference section */

/* Begin PBXFrameworksBuildPhase section */
		CC0F90C01F6A8466005D550E /* Frameworks */ = {
			isa = PBXFrameworksBuildPhase;
			buildActionMask = 2147483647;
			files = (
			);
			runOnlyForDeploymentPostprocessing = 0;
		};
		CC0F90D41F6A8466005D550E /* Frameworks */ = {
			isa = PBXFrameworksBuildPhase;
			buildActionMask = 2147483647;
			files = (
			);
			runOnlyForDeploymentPostprocessing = 0;
		};
		CC0F90DF1F6A8466005D550E /* Frameworks */ = {
			isa = PBXFrameworksBuildPhase;
			buildActionMask = 2147483647;
			files = (
			);
			runOnlyForDeploymentPostprocessing = 0;
		};
/* End PBXFrameworksBuildPhase section */

/* Begin PBXGroup section */
		CC0F90BA1F6A8466005D550E = {
			isa = PBXGroup;
			children = (
				CC0F90F81F6A8556005D550E /* FKNavigation.podspec */,
				CC0F90C51F6A8466005D550E /* FKNavigation */,
				CC0F90DA1F6A8466005D550E /* FKNavigationTests */,
				CC0F90E51F6A8466005D550E /* FKNavigationUITests */,
				CC0F90C41F6A8466005D550E /* Products */,
			);
			sourceTree = "<group>";
		};
		CC0F90C41F6A8466005D550E /* Products */ = {
			isa = PBXGroup;
			children = (
				CC0F90C31F6A8466005D550E /* FKNavigation.app */,
				CC0F90D71F6A8466005D550E /* FKNavigationTests.xctest */,
				CC0F90E21F6A8466005D550E /* FKNavigationUITests.xctest */,
			);
			name = Products;
			sourceTree = "<group>";
		};
		CC0F90C51F6A8466005D550E /* FKNavigation */ = {
			isa = PBXGroup;
			children = (
				CC0F90C61F6A8466005D550E /* AppDelegate.swift */,
				CC0F90C81F6A8466005D550E /* ViewController.swift */,
				CC0F90FC1F6A91EE005D550E /* FantasticView.swift */,
				CC0F90CA1F6A8466005D550E /* Main.storyboard */,
				CC0F90CD1F6A8466005D550E /* Assets.xcassets */,
				CC0F90CF1F6A8466005D550E /* LaunchScreen.storyboard */,
				CC0F90D21F6A8466005D550E /* Info.plist */,
			);
			path = FKNavigation;
			sourceTree = "<group>";
		};
		CC0F90DA1F6A8466005D550E /* FKNavigationTests */ = {
			isa = PBXGroup;
			children = (
				CC0F90DB1F6A8466005D550E /* FKNavigationTests.swift */,
				CC0F90DD1F6A8466005D550E /* Info.plist */,
			);
			path = FKNavigationTests;
			sourceTree = "<group>";
		};
		CC0F90E51F6A8466005D550E /* FKNavigationUITests */ = {
			isa = PBXGroup;
			children = (
				CC0F90E61F6A8466005D550E /* FKNavigationUITests.swift */,
				CC0F90E81F6A8466005D550E /* Info.plist */,
			);
			path = FKNavigationUITests;
			sourceTree = "<group>";
		};
/* End PBXGroup section */

/* Begin PBXNativeTarget section */
		CC0F90C21F6A8466005D550E /* FKNavigation */ = {
			isa = PBXNativeTarget;
			buildConfigurationList = CC0F90EB1F6A8466005D550E /* Build configuration list for PBXNativeTarget "FKNavigation" */;
			buildPhases = (
				CC0F90BF1F6A8466005D550E /* Sources */,
				CC0F90C01F6A8466005D550E /* Frameworks */,
				CC0F90C11F6A8466005D550E /* Resources */,
			);
			buildRules = (
			);
			dependencies = (
			);
			name = FKNavigation;
			productName = FKNavigation;
			productReference = CC0F90C31F6A8466005D550E /* FKNavigation.app */;
			productType = "com.apple.product-type.application";
		};
		CC0F90D61F6A8466005D550E /* FKNavigationTests */ = {
			isa = PBXNativeTarget;
			buildConfigurationList = CC0F90EE1F6A8466005D550E /* Build configuration list for PBXNativeTarget "FKNavigationTests" */;
			buildPhases = (
				CC0F90D31F6A8466005D550E /* Sources */,
				CC0F90D41F6A8466005D550E /* Frameworks */,
				CC0F90D51F6A8466005D550E /* Resources */,
			);
			buildRules = (
			);
			dependencies = (
				CC0F90D91F6A8466005D550E /* PBXTargetDependency */,
			);
			name = FKNavigationTests;
			productName = FKNavigationTests;
			productReference = CC0F90D71F6A8466005D550E /* FKNavigationTests.xctest */;
			productType = "com.apple.product-type.bundle.unit-test";
		};
		CC0F90E11F6A8466005D550E /* FKNavigationUITests */ = {
			isa = PBXNativeTarget;
			buildConfigurationList = CC0F90F11F6A8466005D550E /* Build configuration list for PBXNativeTarget "FKNavigationUITests" */;
			buildPhases = (
				CC0F90DE1F6A8466005D550E /* Sources */,
				CC0F90DF1F6A8466005D550E /* Frameworks */,
				CC0F90E01F6A8466005D550E /* Resources */,
			);
			buildRules = (
			);
			dependencies = (
				CC0F90E41F6A8466005D550E /* PBXTargetDependency */,
			);
			name = FKNavigationUITests;
			productName = FKNavigationUITests;
			productReference = CC0F90E21F6A8466005D550E /* FKNavigationUITests.xctest */;
			productType = "com.apple.product-type.bundle.ui-testing";
		};
/* End PBXNativeTarget section */

/* Begin PBXProject section */
		CC0F90BB1F6A8466005D550E /* Project object */ = {
			isa = PBXProject;
			attributes = {
				LastSwiftUpdateCheck = 0820;
				LastUpgradeCheck = 0820;
				ORGANIZATIONNAME = rAjA;
				TargetAttributes = {
					CC0F90C21F6A8466005D550E = {
						CreatedOnToolsVersion = 8.2.1;
						DevelopmentTeam = JM9876HBF6;
						ProvisioningStyle = Automatic;
					};
					CC0F90D61F6A8466005D550E = {
						CreatedOnToolsVersion = 8.2.1;
						DevelopmentTeam = JM9876HBF6;
						ProvisioningStyle = Automatic;
						TestTargetID = CC0F90C21F6A8466005D550E;
					};
					CC0F90E11F6A8466005D550E = {
						CreatedOnToolsVersion = 8.2.1;
						DevelopmentTeam = JM9876HBF6;
						ProvisioningStyle = Automatic;
						TestTargetID = CC0F90C21F6A8466005D550E;
					};
				};
			};
			buildConfigurationList = CC0F90BE1F6A8466005D550E /* Build configuration list for PBXProject "FKNavigation" */;
			compatibilityVersion = "Xcode 3.2";
			developmentRegion = English;
			hasScannedForEncodings = 0;
			knownRegions = (
				en,
				Base,
			);
			mainGroup = CC0F90BA1F6A8466005D550E;
			productRefGroup = CC0F90C41F6A8466005D550E /* Products */;
			projectDirPath = "";
			projectRoot = "";
			targets = (
				CC0F90C21F6A8466005D550E /* FKNavigation */,
				CC0F90D61F6A8466005D550E /* FKNavigationTests */,
				CC0F90E11F6A8466005D550E /* FKNavigationUITests */,
			);
		};
/* End PBXProject section */

/* Begin PBXResourcesBuildPhase section */
		CC0F90C11F6A8466005D550E /* Resources */ = {
			isa = PBXResourcesBuildPhase;
			buildActionMask = 2147483647;
			files = (
				CC0F90D11F6A8466005D550E /* LaunchScreen.storyboard in Resources */,
				CC0F90F91F6A8556005D550E /* FKNavigation.podspec in Resources */,
				CC0F90CE1F6A8466005D550E /* Assets.xcassets in Resources */,
				CC0F90CC1F6A8466005D550E /* Main.storyboard in Resources */,
			);
			runOnlyForDeploymentPostprocessing = 0;
		};
		CC0F90D51F6A8466005D550E /* Resources */ = {
			isa = PBXResourcesBuildPhase;
			buildActionMask = 2147483647;
			files = (
			);
			runOnlyForDeploymentPostprocessing = 0;
		};
		CC0F90E01F6A8466005D550E /* Resources */ = {
			isa = PBXResourcesBuildPhase;
			buildActionMask = 2147483647;
			files = (
			);
			runOnlyForDeploymentPostprocessing = 0;
		};
/* End PBXResourcesBuildPhase section */

/* Begin PBXSourcesBuildPhase section */
		CC0F90BF1F6A8466005D550E /* Sources */ = {
			isa = PBXSourcesBuildPhase;
			buildActionMask = 2147483647;
			files = (
				CC0F90C91F6A8466005D550E /* ViewController.swift in Sources */,
				CC0F90C71F6A8466005D550E /* AppDelegate.swift in Sources */,
				CC0F90FD1F6A91EE005D550E /* FantasticView.swift in Sources */,
			);
			runOnlyForDeploymentPostprocessing = 0;
		};
		CC0F90D31F6A8466005D550E /* Sources */ = {
			isa = PBXSourcesBuildPhase;
			buildActionMask = 2147483647;
			files = (
				CC0F90DC1F6A8466005D550E /* FKNavigationTests.swift in Sources */,
			);
			runOnlyForDeploymentPostprocessing = 0;
		};
		CC0F90DE1F6A8466005D550E /* Sources */ = {
			isa = PBXSourcesBuildPhase;
			buildActionMask = 2147483647;
			files = (
				CC0F90E71F6A8466005D550E /* FKNavigationUITests.swift in Sources */,
			);
			runOnlyForDeploymentPostprocessing = 0;
		};
/* End PBXSourcesBuildPhase section */

/* Begin PBXTargetDependency section */
		CC0F90D91F6A8466005D550E /* PBXTargetDependency */ = {
			isa = PBXTargetDependency;
			target = CC0F90C21F6A8466005D550E /* FKNavigation */;
			targetProxy = CC0F90D81F6A8466005D550E /* PBXContainerItemProxy */;
		};
		CC0F90E41F6A8466005D550E /* PBXTargetDependency */ = {
			isa = PBXTargetDependency;
			target = CC0F90C21F6A8466005D550E /* FKNavigation */;
			targetProxy = CC0F90E31F6A8466005D550E /* PBXContainerItemProxy */;
		};
/* End PBXTargetDependency section */

/* Begin PBXVariantGroup section */
		CC0F90CA1F6A8466005D550E /* Main.storyboard */ = {
			isa = PBXVariantGroup;
			children = (
				CC0F90CB1F6A8466005D550E /* Base */,
			);
			name = Main.storyboard;
			sourceTree = "<group>";
		};
		CC0F90CF1F6A8466005D550E /* LaunchScreen.storyboard */ = {
			isa = PBXVariantGroup;
			children = (
				CC0F90D01F6A8466005D550E /* Base */,
			);
			name = LaunchScreen.storyboard;
			sourceTree = "<group>";
		};
/* End PBXVariantGroup section */

/* Begin XCBuildConfiguration section */
		CC0F90E91F6A8466005D550E /* Debug */ = {
			isa = XCBuildConfiguration;
			buildSettings = {
				ALWAYS_SEARCH_USER_PATHS = NO;
				CLANG_ANALYZER_NONNULL = YES;
				CLANG_CXX_LANGUAGE_STANDARD = "gnu++0x";
				CLANG_CXX_LIBRARY = "libc++";
				CLANG_ENABLE_MODULES = YES;
				CLANG_ENABLE_OBJC_ARC = YES;
				CLANG_WARN_BOOL_CONVERSION = YES;
				CLANG_WARN_CONSTANT_CONVERSION = YES;
				CLANG_WARN_DIRECT_OBJC_ISA_USAGE = YES_ERROR;
				CLANG_WARN_DOCUMENTATION_COMMENTS = YES;
				CLANG_WARN_EMPTY_BODY = YES;
				CLANG_WARN_ENUM_CONVERSION = YES;
				CLANG_WARN_INFINITE_RECURSION = YES;
				CLANG_WARN_INT_CONVERSION = YES;
				CLANG_WARN_OBJC_ROOT_CLASS = YES_ERROR;
				CLANG_WARN_SUSPICIOUS_MOVE = YES;
				CLANG_WARN_UNREACHABLE_CODE = YES;
				CLANG_WARN__DUPLICATE_METHOD_MATCH = YES;
				"CODE_SIGN_IDENTITY[sdk=iphoneos*]" = "iPhone Developer";
				COPY_PHASE_STRIP = NO;
				DEBUG_INFORMATION_FORMAT = dwarf;
				ENABLE_STRICT_OBJC_MSGSEND = YES;
				ENABLE_TESTABILITY = YES;
				GCC_C_LANGUAGE_STANDARD = gnu99;
				GCC_DYNAMIC_NO_PIC = NO;
				GCC_NO_COMMON_BLOCKS = YES;
				GCC_OPTIMIZATION_LEVEL = 0;
				GCC_PREPROCESSOR_DEFINITIONS = (
					"DEBUG=1",
					"$(inherited)",
				);
				GCC_WARN_64_TO_32_BIT_CONVERSION = YES;
				GCC_WARN_ABOUT_RETURN_TYPE = YES_ERROR;
				GCC_WARN_UNDECLARED_SELECTOR = YES;
				GCC_WARN_UNINITIALIZED_AUTOS = YES_AGGRESSIVE;
				GCC_WARN_UNUSED_FUNCTION = YES;
				GCC_WARN_UNUSED_VARIABLE = YES;
				IPHONEOS_DEPLOYMENT_TARGET = 10.2;
				MTL_ENABLE_DEBUG_INFO = YES;
				ONLY_ACTIVE_ARCH = YES;
				SDKROOT = iphoneos;
				SWIFT_ACTIVE_COMPILATION_CONDITIONS = DEBUG;
				SWIFT_OPTIMIZATION_LEVEL = "-Onone";
			};
			name = Debug;
		};
		CC0F90EA1F6A8466005D550E /* Release */ = {
			isa = XCBuildConfiguration;
			buildSettings = {
				ALWAYS_SEARCH_USER_PATHS = NO;
				CLANG_ANALYZER_NONNULL = YES;
				CLANG_CXX_LANGUAGE_STANDARD = "gnu++0x";
				CLANG_CXX_LIBRARY = "libc++";
				CLANG_ENABLE_MODULES = YES;
				CLANG_ENABLE_OBJC_ARC = YES;
				CLANG_WARN_BOOL_CONVERSION = YES;
				CLANG_WARN_CONSTANT_CONVERSION = YES;
				CLANG_WARN_DIRECT_OBJC_ISA_USAGE = YES_ERROR;
				CLANG_WARN_DOCUMENTATION_COMMENTS = YES;
				CLANG_WARN_EMPTY_BODY = YES;
				CLANG_WARN_ENUM_CONVERSION = YES;
				CLANG_WARN_INFINITE_RECURSION = YES;
				CLANG_WARN_INT_CONVERSION = YES;
				CLANG_WARN_OBJC_ROOT_CLASS = YES_ERROR;
				CLANG_WARN_SUSPICIOUS_MOVE = YES;
				CLANG_WARN_UNREACHABLE_CODE = YES;
				CLANG_WARN__DUPLICATE_METHOD_MATCH = YES;
				"CODE_SIGN_IDENTITY[sdk=iphoneos*]" = "iPhone Developer";
				COPY_PHASE_STRIP = NO;
				DEBUG_INFORMATION_FORMAT = "dwarf-with-dsym";
				ENABLE_NS_ASSERTIONS = NO;
				ENABLE_STRICT_OBJC_MSGSEND = YES;
				GCC_C_LANGUAGE_STANDARD = gnu99;
				GCC_NO_COMMON_BLOCKS = YES;
				GCC_WARN_64_TO_32_BIT_CONVERSION = YES;
				GCC_WARN_ABOUT_RETURN_TYPE = YES_ERROR;
				GCC_WARN_UNDECLARED_SELECTOR = YES;
				GCC_WARN_UNINITIALIZED_AUTOS = YES_AGGRESSIVE;
				GCC_WARN_UNUSED_FUNCTION = YES;
				GCC_WARN_UNUSED_VARIABLE = YES;
				IPHONEOS_DEPLOYMENT_TARGET = 10.2;
				MTL_ENABLE_DEBUG_INFO = NO;
				SDKROOT = iphoneos;
				SWIFT_OPTIMIZATION_LEVEL = "-Owholemodule";
				VALIDATE_PRODUCT = YES;
			};
			name = Release;
		};
		CC0F90EC1F6A8466005D550E /* Debug */ = {
			isa = XCBuildConfiguration;
			buildSettings = {
				ASSETCATALOG_COMPILER_APPICON_NAME = AppIcon;
				DEVELOPMENT_TEAM = JM9876HBF6;
				INFOPLIST_FILE = FKNavigation/Info.plist;
				LD_RUNPATH_SEARCH_PATHS = "$(inherited) @executable_path/Frameworks";
				PRODUCT_BUNDLE_IDENTIFIER = com.raja.test.FKNavigation;
				PRODUCT_NAME = "$(TARGET_NAME)";
				SWIFT_VERSION = 3.0;
			};
			name = Debug;
		};
		CC0F90ED1F6A8466005D550E /* Release */ = {
			isa = XCBuildConfiguration;
			buildSettings = {
				ASSETCATALOG_COMPILER_APPICON_NAME = AppIcon;
				DEVELOPMENT_TEAM = JM9876HBF6;
				INFOPLIST_FILE = FKNavigation/Info.plist;
				LD_RUNPATH_SEARCH_PATHS = "$(inherited) @executable_path/Frameworks";
				PRODUCT_BUNDLE_IDENTIFIER = com.raja.test.FKNavigation;
				PRODUCT_NAME = "$(TARGET_NAME)";
				SWIFT_VERSION = 3.0;
			};
			name = Release;
		};
		CC0F90EF1F6A8466005D550E /* Debug */ = {
			isa = XCBuildConfiguration;
			buildSettings = {
				ALWAYS_EMBED_SWIFT_STANDARD_LIBRARIES = YES;
				BUNDLE_LOADER = "$(TEST_HOST)";
				DEVELOPMENT_TEAM = JM9876HBF6;
				INFOPLIST_FILE = FKNavigationTests/Info.plist;
				LD_RUNPATH_SEARCH_PATHS = "$(inherited) @executable_path/Frameworks @loader_path/Frameworks";
				PRODUCT_BUNDLE_IDENTIFIER = com.raja.test.FKNavigationTests;
				PRODUCT_NAME = "$(TARGET_NAME)";
				SWIFT_VERSION = 3.0;
				TEST_HOST = "$(BUILT_PRODUCTS_DIR)/FKNavigation.app/FKNavigation";
			};
			name = Debug;
		};
		CC0F90F01F6A8466005D550E /* Release */ = {
			isa = XCBuildConfiguration;
			buildSettings = {
				ALWAYS_EMBED_SWIFT_STANDARD_LIBRARIES = YES;
				BUNDLE_LOADER = "$(TEST_HOST)";
				DEVELOPMENT_TEAM = JM9876HBF6;
				INFOPLIST_FILE = FKNavigationTests/Info.plist;
				LD_RUNPATH_SEARCH_PATHS = "$(inherited) @executable_path/Frameworks @loader_path/Frameworks";
				PRODUCT_BUNDLE_IDENTIFIER = com.raja.test.FKNavigationTests;
				PRODUCT_NAME = "$(TARGET_NAME)";
				SWIFT_VERSION = 3.0;
				TEST_HOST = "$(BUILT_PRODUCTS_DIR)/FKNavigation.app/FKNavigation";
			};
			name = Release;
		};
		CC0F90F21F6A8466005D550E /* Debug */ = {
			isa = XCBuildConfiguration;
			buildSettings = {
				ALWAYS_EMBED_SWIFT_STANDARD_LIBRARIES = YES;
				DEVELOPMENT_TEAM = JM9876HBF6;
				INFOPLIST_FILE = FKNavigationUITests/Info.plist;
				LD_RUNPATH_SEARCH_PATHS = "$(inherited) @executable_path/Frameworks @loader_path/Frameworks";
				PRODUCT_BUNDLE_IDENTIFIER = com.raja.test.FKNavigationUITests;
				PRODUCT_NAME = "$(TARGET_NAME)";
				SWIFT_VERSION = 3.0;
				TEST_TARGET_NAME = FKNavigation;
			};
			name = Debug;
		};
		CC0F90F31F6A8466005D550E /* Release */ = {
			isa = XCBuildConfiguration;
			buildSettings = {
				ALWAYS_EMBED_SWIFT_STANDARD_LIBRARIES = YES;
				DEVELOPMENT_TEAM = JM9876HBF6;
				INFOPLIST_FILE = FKNavigationUITests/Info.plist;
				LD_RUNPATH_SEARCH_PATHS = "$(inherited) @executable_path/Frameworks @loader_path/Frameworks";
				PRODUCT_BUNDLE_IDENTIFIER = com.raja.test.FKNavigationUITests;
				PRODUCT_NAME = "$(TARGET_NAME)";
				SWIFT_VERSION = 3.0;
				TEST_TARGET_NAME = FKNavigation;
			};
			name = Release;
		};
/* End XCBuildConfiguration section */

/* Begin XCConfigurationList section */
		CC0F90BE1F6A8466005D550E /* Build configuration list for PBXProject "FKNavigation" */ = {
			isa = XCConfigurationList;
			buildConfigurations = (
				CC0F90E91F6A8466005D550E /* Debug */,
				CC0F90EA1F6A8466005D550E /* Release */,
			);
			defaultConfigurationIsVisible = 0;
			defaultConfigurationName = Release;
		};
		CC0F90EB1F6A8466005D550E /* Build configuration list for PBXNativeTarget "FKNavigation" */ = {
			isa = XCConfigurationList;
			buildConfigurations = (
				CC0F90EC1F6A8466005D550E /* Debug */,
				CC0F90ED1F6A8466005D550E /* Release */,
			);
			defaultConfigurationIsVisible = 0;
		};
		CC0F90EE1F6A8466005D550E /* Build configuration list for PBXNativeTarget "FKNavigationTests" */ = {
			isa = XCConfigurationList;
			buildConfigurations = (
				CC0F90EF1F6A8466005D550E /* Debug */,
				CC0F90F01F6A8466005D550E /* Release */,
			);
			defaultConfigurationIsVisible = 0;
		};
		CC0F90F11F6A8466005D550E /* Build configuration list for PBXNativeTarget "FKNavigationUITests" */ = {
			isa = XCConfigurationList;
			buildConfigurations = (
				CC0F90F21F6A8466005D550E /* Debug */,
				CC0F90F31F6A8466005D550E /* Release */,
			);
			defaultConfigurationIsVisible = 0;
		};
/* End XCConfigurationList section */
	};
	rootObject = CC0F90BB1F6A8466005D550E /* Project object */;
}
